# This file is automatically @generated by Cargo.
# It is not intended for manual editing.
version = 3

[[package]]
name = "aho-corasick"
version = "0.7.18"
source = "registry+https://github.com/rust-lang/crates.io-index"
checksum = "1e37cfd5e7657ada45f742d6e99ca5788580b5c529dc78faf11ece6dc702656f"
dependencies = [
 "memchr",
]

[[package]]
name = "dtoa"
version = "0.4.2"
source = "registry+https://github.com/rust-lang/crates.io-index"
checksum = "09c3753c3db574d215cba4ea76018483895d7bff25a31b49ba45db21c48e50ab"

[[package]]
name = "itoa"
version = "0.3.4"
source = "registry+https://github.com/rust-lang/crates.io-index"
checksum = "8324a32baf01e2ae060e9de58ed0bc2320c9a2833491ee36cd3b4c414de4db8c"

[[package]]
name = "libc"
version = "0.2.33"
source = "registry+https://github.com/rust-lang/crates.io-index"
checksum = "5ba3df4dcb460b9dfbd070d41c94c19209620c191b0340b929ce748a2bcd42d2"

[[package]]
name = "memchr"
version = "2.5.0"
source = "registry+https://github.com/rust-lang/crates.io-index"
checksum = "2dffe52ecf27772e601905b7522cb4ef790d2cc203488bbd0e2fe85fcb74566d"

[[package]]
name = "num-traits"
version = "0.1.40"
source = "registry+https://github.com/rust-lang/crates.io-index"
checksum = "99843c856d68d8b4313b03a17e33c4bb42ae8f6610ea81b28abe076ac721b9b0"

[[package]]
name = "peer-dependencies"
version = "0.1.0"
dependencies = [
 "regex",
 "serde",
 "serde_derive",
 "serde_json",
 "termion",
]

[[package]]
name = "quote"
version = "0.3.15"
source = "registry+https://github.com/rust-lang/crates.io-index"
checksum = "7a6e920b65c65f10b2ae65c831a81a073a89edd28c7cce89475bff467ab4167a"

[[package]]
name = "redox_syscall"
version = "0.1.31"
source = "registry+https://github.com/rust-lang/crates.io-index"
checksum = "8dde11f18c108289bef24469638a04dce49da56084f2d50618b226e47eb04509"

[[package]]
name = "redox_termios"
version = "0.1.1"
source = "registry+https://github.com/rust-lang/crates.io-index"
checksum = "7e891cfe48e9100a70a3b6eb652fef28920c117d366339687bd5576160db0f76"
dependencies = [
 "redox_syscall",
]

[[package]]
name = "regex"
version = "1.5.5"
source = "registry+https://github.com/rust-lang/crates.io-index"
checksum = "1a11647b6b25ff05a515cb92c365cec08801e83423a235b51e231e1808747286"
dependencies = [
 "aho-corasick",
 "memchr",
 "regex-syntax",
]

[[package]]
name = "regex-syntax"
version = "0.6.26"
source = "registry+https://github.com/rust-lang/crates.io-index"
checksum = "49b3de9ec5dc0a3417da371aab17d729997c15010e7fd24ff707773a33bddb64"

[[package]]
name = "serde"
version = "1.0.19"
source = "registry+https://github.com/rust-lang/crates.io-index"
checksum = "0c9cab69e16835717c9b8bd13c29f92b6aa34fe32ce2866b1ab481cf2da8442a"

[[package]]
name = "serde_derive"
version = "1.0.19"
source = "registry+https://github.com/rust-lang/crates.io-index"
checksum = "3bdafe3e71710131a919735916caa5b18c2754ad0d33d8ae5d586ccc804a403e"
dependencies = [
 "quote",
 "serde_derive_internals",
 "syn",
]

[[package]]
name = "serde_derive_internals"
version = "0.17.0"
source = "registry+https://github.com/rust-lang/crates.io-index"
checksum = "32f1926285523b2db55df263d2aa4eb69ddcfa7a7eade6430323637866b513ab"
dependencies = [
 "syn",
 "synom",
]

[[package]]
name = "serde_json"
version = "1.0.6"
source = "registry+https://github.com/rust-lang/crates.io-index"
checksum = "e4586746d1974a030c48919731ecffd0ed28d0c40749d0d18d43b3a7d6c9b20e"
dependencies = [
 "dtoa",
 "itoa",
 "num-traits",
 "serde",
]

[[package]]
name = "syn"
version = "0.11.11"
source = "registry+https://github.com/rust-lang/crates.io-index"
checksum = "d3b891b9015c88c576343b9b3e41c2c11a51c219ef067b264bd9c8aa9b441dad"
dependencies = [
 "quote",
 "synom",
 "unicode-xid",
]

[[package]]
name = "synom"
version = "0.11.3"
source = "registry+https://github.com/rust-lang/crates.io-index"
checksum = "a393066ed9010ebaed60b9eafa373d4b1baac186dd7e008555b0f702b51945b6"
dependencies = [
 "unicode-xid",
]

[[package]]
name = "termion"
version = "1.5.1"
source = "registry+https://github.com/rust-lang/crates.io-index"
checksum = "689a3bdfaab439fd92bc87df5c4c78417d3cbe537487274e9b0b2dce76e92096"
dependencies = [
 "libc",
 "redox_syscall",
 "redox_termios",
]

[[package]]
name = "unicode-xid"
version = "0.0.4"
source = "registry+https://github.com/rust-lang/crates.io-index"
checksum = "8c1f860d7d29cf02cb2f3f359fd35991af3d30bac52c57d265a3c461074cb4dc"
